{
  "name": "IHM",
  "lockfileVersion": 2,
  "requires": true,
  "packages": {
    "": {
      "dependencies": {
        "behave": "^0.2.2"
      }
    },
    "node_modules/behave": {
      "version": "0.2.2",
      "resolved": "https://registry.npmjs.org/behave/-/behave-0.2.2.tgz",
      "integrity": "sha1-koRp3tRZLdkghoa+h1FwqQQZfQY="
    }
  },
  "dependencies": {
    "behave": {
      "version": "0.2.2",
      "resolved": "https://registry.npmjs.org/behave/-/behave-0.2.2.tgz",
      "integrity": "sha1-koRp3tRZLdkghoa+h1FwqQQZfQY="
    }
  }
}
